// !$*UTF8*$!
{
	archiveVersion = 1;
	classes = {
	};
	objectVersion = 50;
	objects = {

/* Begin PBXBuildFile section */
		6EE6C5ED256C1630004213CD /* AppDelegate.m in Sources */ = {isa = PBXBuildFile; fileRef = 6EE6C5EC256C1630004213CD /* AppDelegate.m */; };
		6EE6C5F0256C1630004213CD /* SceneDelegate.m in Sources */ = {isa = PBXBuildFile; fileRef = 6EE6C5EF256C1630004213CD /* SceneDelegate.m */; };
		6EE6C5F3256C1630004213CD /* ViewController.m in Sources */ = {isa = PBXBuildFile; fileRef = 6EE6C5F2256C1630004213CD /* ViewController.m */; };
		6EE6C5F8256C1634004213CD /* Assets.xcassets in Resources */ = {isa = PBXBuildFile; fileRef = 6EE6C5F7256C1634004213CD /* Assets.xcassets */; };
		6EE6C5FB256C1634004213CD /* LaunchScreen.storyboard in Resources */ = {isa = PBXBuildFile; fileRef = 6EE6C5F9256C1634004213CD /* LaunchScreen.storyboard */; };
		6EE6C5FE256C1634004213CD /* main.m in Sources */ = {isa = PBXBuildFile; fileRef = 6EE6C5FD256C1634004213CD /* main.m */; };
		6EE6C610256C4607004213CD /* Event.m in Sources */ = {isa = PBXBuildFile; fileRef = 6EE6C60F256C4607004213CD /* Event.m */; };
/* End PBXBuildFile section */

/* Begin PBXFileReference section */
		6EE6C5E8256C1630004213CD /* ArCal.app */ = {isa = PBXFileReference; explicitFileType = wrapper.application; includeInIndex = 0; path = ArCal.app; sourceTree = BUILT_PRODUCTS_DIR; };
		6EE6C5EB256C1630004213CD /* AppDelegate.h */ = {isa = PBXFileReference; lastKnownFileType = sourcecode.c.h; path = AppDelegate.h; sourceTree = "<group>"; };
		6EE6C5EC256C1630004213CD /* AppDelegate.m */ = {isa = PBXFileReference; lastKnownFileType = sourcecode.c.objc; path = AppDelegate.m; sourceTree = "<group>"; };
		6EE6C5EE256C1630004213CD /* SceneDelegate.h */ = {isa = PBXFileReference; lastKnownFileType = sourcecode.c.h; path = SceneDelegate.h; sourceTree = "<group>"; };
		6EE6C5EF256C1630004213CD /* SceneDelegate.m */ = {isa = PBXFileReference; lastKnownFileType = sourcecode.c.objc; path = SceneDelegate.m; sourceTree = "<group>"; };
		6EE6C5F1256C1630004213CD /* ViewController.h */ = {isa = PBXFileReference; lastKnownFileType = sourcecode.c.h; path = ViewController.h; sourceTree = "<group>"; };
		6EE6C5F2256C1630004213CD /* ViewController.m */ = {isa = PBXFileReference; lastKnownFileType = sourcecode.c.objc; path = ViewController.m; sourceTree = "<group>"; };
		6EE6C5F7256C1634004213CD /* Assets.xcassets */ = {isa = PBXFileReference; lastKnownFileType = folder.assetcatalog; path = Assets.xcassets; sourceTree = "<group>"; };
		6EE6C5FA256C1634004213CD /* Base */ = {isa = PBXFileReference; lastKnownFileType = file.storyboard; name = Base; path = Base.lproj/LaunchScreen.storyboard; sourceTree = "<group>"; };
		6EE6C5FC256C1634004213CD /* Info.plist */ = {isa = PBXFileReference; lastKnownFileType = text.plist.xml; path = Info.plist; sourceTree = "<group>"; };
		6EE6C5FD256C1634004213CD /* main.m */ = {isa = PBXFileReference; lastKnownFileType = sourcecode.c.objc; path = main.m; sourceTree = "<group>"; };
		6EE6C60E256C4607004213CD /* Event.h */ = {isa = PBXFileReference; lastKnownFileType = sourcecode.c.h; path = Event.h; sourceTree = "<group>"; };
		6EE6C60F256C4607004213CD /* Event.m */ = {isa = PBXFileReference; lastKnownFileType = sourcecode.c.objc; path = Event.m; sourceTree = "<group>"; };
/* End PBXFileReference section */

/* Begin PBXFrameworksBuildPhase section */
		6EE6C5E5256C1630004213CD /* Frameworks */ = {
			isa = PBXFrameworksBuildPhase;
			buildActionMask = 2147483647;
			files = (
			);
			runOnlyForDeploymentPostprocessing = 0;
		};
/* End PBXFrameworksBuildPhase section */

/* Begin PBXGroup section */
		6EE6C5DF256C1630004213CD = {
			isa = PBXGroup;
			children = (
				6EE6C5EA256C1630004213CD /* ArCal */,
				6EE6C5E9256C1630004213CD /* Products */,
			);
			sourceTree = "<group>";
		};
		6EE6C5E9256C1630004213CD /* Products */ = {
			isa = PBXGroup;
			children = (
				6EE6C5E8256C1630004213CD /* ArCal.app */,
			);
			name = Products;
			sourceTree = "<group>";
		};
		6EE6C5EA256C1630004213CD /* ArCal */ = {
			isa = PBXGroup;
			children = (
				6EE6C5EB256C1630004213CD /* AppDelegate.h */,
				6EE6C5EC256C1630004213CD /* AppDelegate.m */,
				6EE6C5EE256C1630004213CD /* SceneDelegate.h */,
				6EE6C5EF256C1630004213CD /* SceneDelegate.m */,
				6EE6C5F1256C1630004213CD /* ViewController.h */,
				6EE6C5F2256C1630004213CD /* ViewController.m */,
				6EE6C5F7256C1634004213CD /* Assets.xcassets */,
				6EE6C5F9256C1634004213CD /* LaunchScreen.storyboard */,
				6EE6C5FC256C1634004213CD /* Info.plist */,
				6EE6C5FD256C1634004213CD /* main.m */,
				6EE6C60E256C4607004213CD /* Event.h */,
				6EE6C60F256C4607004213CD /* Event.m */,
			);
			path = ArCal;
			sourceTree = "<group>";
		};
/* End PBXGroup section */

/* Begin PBXNativeTarget section */
		6EE6C5E7256C1630004213CD /* ArCal */ = {
			isa = PBXNativeTarget;
			buildConfigurationList = 6EE6C601256C1634004213CD /* Build configuration list for PBXNativeTarget "ArCal" */;
			buildPhases = (
				6EE6C5E4256C1630004213CD /* Sources */,
				6EE6C5E5256C1630004213CD /* Frameworks */,
				6EE6C5E6256C1630004213CD /* Resources */,
			);
			buildRules = (
			);
			dependencies = (
			);
			name = ArCal;
			productName = ArCal;
			productReference = 6EE6C5E8256C1630004213CD /* ArCal.app */;
			productType = "com.apple.product-type.application";
		};
/* End PBXNativeTarget section */

/* Begin PBXProject section */
		6EE6C5E0256C1630004213CD /* Project object */ = {
			isa = PBXProject;
			attributes = {
				LastUpgradeCheck = 1200;
				TargetAttributes = {
					6EE6C5E7256C1630004213CD = {
						CreatedOnToolsVersion = 12.0.1;
					};
				};
			};
			buildConfigurationList = 6EE6C5E3256C1630004213CD /* Build configuration list for PBXProject "ArCal" */;
			compatibilityVersion = "Xcode 9.3";
			developmentRegion = en;
			hasScannedForEncodings = 0;
			knownRegions = (
				en,
				Base,
			);
			mainGroup = 6EE6C5DF256C1630004213CD;
			productRefGroup = 6EE6C5E9256C1630004213CD /* Products */;
			projectDirPath = "";
			projectRoot = "";
			targets = (
				6EE6C5E7256C1630004213CD /* ArCal */,
			);
		};
/* End PBXProject section */

/* Begin PBXResourcesBuildPhase section */
		6EE6C5E6256C1630004213CD /* Resources */ = {
			isa = PBXResourcesBuildPhase;
			buildActionMask = 2147483647;
			files = (
				6EE6C5FB256C1634004213CD /* LaunchScreen.storyboard in Resources */,
				6EE6C5F8256C1634004213CD /* Assets.xcassets in Resources */,
			);
			runOnlyForDeploymentPostprocessing = 0;
		};
/* End PBXResourcesBuildPhase section */

/* Begin PBXSourcesBuildPhase section */
		6EE6C5E4256C1630004213CD /* Sources */ = {
			isa = PBXSourcesBuildPhase;
			buildActionMask = 2147483647;
			files = (
				6EE6C5F3256C1630004213CD /* ViewController.m in Sources */,
				6EE6C5ED256C1630004213CD /* AppDelegate.m in Sources */,
				6EE6C610256C4607004213CD /* Event.m in Sources */,
				6EE6C5FE256C1634004213CD /* main.m in Sources */,
				6EE6C5F0256C1630004213CD /* SceneDelegate.m in Sources */,
			);
			runOnlyForDeploymentPostprocessing = 0;
		};
/* End PBXSourcesBuildPhase section */

/* Begin PBXVariantGroup section */
		6EE6C5F9256C1634004213CD /* LaunchScreen.storyboard */ = {
			isa = PBXVariantGroup;
			children = (
				6EE6C5FA256C1634004213CD /* Base */,
			);
			name = LaunchScreen.storyboard;
			sourceTree = "<group>";
		};
/* End PBXVariantGroup section */

/* Begin XCBuildConfiguration section */
		6EE6C5FF256C1634004213CD /* Debug */ = {
			isa = XCBuildConfiguration;
			buildSettings = {
				ALWAYS_SEARCH_USER_PATHS = NO;
				CLANG_ANALYZER_NONNULL = YES;
				CLANG_ANALYZER_NUMBER_OBJECT_CONVERSION = YES_AGGRESSIVE;
				CLANG_CXX_LANGUAGE_STANDARD = "gnu++14";
				CLANG_CXX_LIBRARY = "libc++";
				CLANG_ENABLE_MODULES = YES;
				CLANG_ENABLE_OBJC_ARC = YES;
				CLANG_ENABLE_OBJC_WEAK = YES;
				CLANG_WARN_BLOCK_CAPTURE_AUTORELEASING = YES;
				CLANG_WARN_BOOL_CONVERSION = YES;
				CLANG_WARN_COMMA = YES;
				CLANG_WARN_CONSTANT_CONVERSION = YES;
				CLANG_WARN_DEPRECATED_OBJC_IMPLEMENTATIONS = YES;
				CLANG_WARN_DIRECT_OBJC_ISA_USAGE = YES_ERROR;
				CLANG_WARN_DOCUMENTATION_COMMENTS = YES;
				CLANG_WARN_EMPTY_BODY = YES;
				CLANG_WARN_ENUM_CONVERSION = YES;
				CLANG_WARN_INFINITE_RECURSION = YES;
				CLANG_WARN_INT_CONVERSION = YES;
				CLANG_WARN_NON_LITERAL_NULL_CONVERSION = YES;
				CLANG_WARN_OBJC_IMPLICIT_RETAIN_SELF = YES;
				CLANG_WARN_OBJC_LITERAL_CONVERSION = YES;
				CLANG_WARN_OBJC_ROOT_CLASS = YES_ERROR;
				CLANG_WARN_QUOTED_INCLUDE_IN_FRAMEWORK_HEADER = YES;
				CLANG_WARN_RANGE_LOOP_ANALYSIS = YES;
				CLANG_WARN_STRICT_PROTOTYPES = YES;
				CLANG_WARN_SUSPICIOUS_MOVE = YES;
				CLANG_WARN_UNGUARDED_AVAILABILITY = YES_AGGRESSIVE;
				CLANG_WARN_UNREACHABLE_CODE = YES;
				CLANG_WARN__DUPLICATE_METHOD_MATCH = YES;
				COPY_PHASE_STRIP = NO;
				DEBUG_INFORMATION_FORMAT = dwarf;
				ENABLE_STRICT_OBJC_MSGSEND = YES;
				ENABLE_TESTABILITY = YES;
				GCC_C_LANGUAGE_STANDARD = gnu11;
				GCC_DYNAMIC_NO_PIC = NO;
				GCC_NO_COMMON_BLOCKS = YES;
				GCC_OPTIMIZATION_LEVEL = 0;
				GCC_PREPROCESSOR_DEFINITIONS = (
					"DEBUG=1",
					"$(inherited)",
				);
				GCC_WARN_64_TO_32_BIT_CONVERSION = YES;
				GCC_WARN_ABOUT_RETURN_TYPE = YES_ERROR;
				GCC_WARN_UNDECLARED_SELECTOR = YES;
				GCC_WARN_UNINITIALIZED_AUTOS = YES_AGGRESSIVE;
				GCC_WARN_UNUSED_FUNCTION = YES;
				GCC_WARN_UNUSED_VARIABLE = YES;
				IPHONEOS_DEPLOYMENT_TARGET = 13.0;
				MTL_ENABLE_DEBUG_INFO = INCLUDE_SOURCE;
				MTL_FAST_MATH = YES;
				ONLY_ACTIVE_ARCH = YES;
				SDKROOT = iphoneos;
			};
			name = Debug;
		};
		6EE6C600256C1634004213CD /* Release */ = {
			isa = XCBuildConfiguration;
			buildSettings = {
				ALWAYS_SEARCH_USER_PATHS = NO;
				CLANG_ANALYZER_NONNULL = YES;
				CLANG_ANALYZER_NUMBER_OBJECT_CONVERSION = YES_AGGRESSIVE;
				CLANG_CXX_LANGUAGE_STANDARD = "gnu++14";
				CLANG_CXX_LIBRARY = "libc++";
				CLANG_ENABLE_MODULES = YES;
				CLANG_ENABLE_OBJC_ARC = YES;
				CLANG_ENABLE_OBJC_WEAK = YES;
				CLANG_WARN_BLOCK_CAPTURE_AUTORELEASING = YES;
				CLANG_WARN_BOOL_CONVERSION = YES;
				CLANG_WARN_COMMA = YES;
				CLANG_WARN_CONSTANT_CONVERSION = YES;
				CLANG_WARN_DEPRECATED_OBJC_IMPLEMENTATIONS = YES;
				CLANG_WARN_DIRECT_OBJC_ISA_USAGE = YES_ERROR;
				CLANG_WARN_DOCUMENTATION_COMMENTS = YES;
				CLANG_WARN_EMPTY_BODY = YES;
				CLANG_WARN_ENUM_CONVERSION = YES;
				CLANG_WARN_INFINITE_RECURSION = YES;
				CLANG_WARN_INT_CONVERSION = YES;
				CLANG_WARN_NON_LITERAL_NULL_CONVERSION = YES;
				CLANG_WARN_OBJC_IMPLICIT_RETAIN_SELF = YES;
				CLANG_WARN_OBJC_LITERAL_CONVERSION = YES;
				CLANG_WARN_OBJC_ROOT_CLASS = YES_ERROR;
				CLANG_WARN_QUOTED_INCLUDE_IN_FRAMEWORK_HEADER = YES;
				CLANG_WARN_RANGE_LOOP_ANALYSIS = YES;
				CLANG_WARN_STRICT_PROTOTYPES = YES;
				CLANG_WARN_SUSPICIOUS_MOVE = YES;
				CLANG_WARN_UNGUARDED_AVAILABILITY = YES_AGGRESSIVE;
				CLANG_WARN_UNREACHABLE_CODE = YES;
				CLANG_WARN__DUPLICATE_METHOD_MATCH = YES;
				COPY_PHASE_STRIP = NO;
				DEBUG_INFORMATION_FORMAT = "dwarf-with-dsym";
				ENABLE_NS_ASSERTIONS = NO;
				ENABLE_STRICT_OBJC_MSGSEND = YES;
				GCC_C_LANGUAGE_STANDARD = gnu11;
				GCC_NO_COMMON_BLOCKS = YES;
				GCC_WARN_64_TO_32_BIT_CONVERSION = YES;
				GCC_WARN_ABOUT_RETURN_TYPE = YES_ERROR;
				GCC_WARN_UNDECLARED_SELECTOR = YES;
				GCC_WARN_UNINITIALIZED_AUTOS = YES_AGGRESSIVE;
				GCC_WARN_UNUSED_FUNCTION = YES;
				GCC_WARN_UNUSED_VARIABLE = YES;
				IPHONEOS_DEPLOYMENT_TARGET = 13.0;
				MTL_ENABLE_DEBUG_INFO = NO;
				MTL_FAST_MATH = YES;
				SDKROOT = iphoneos;
				VALIDATE_PRODUCT = YES;
			};
			name = Release;
		};
		6EE6C602256C1634004213CD /* Debug */ = {
			isa = XCBuildConfiguration;
			buildSettings = {
				ASSETCATALOG_COMPILER_APPICON_NAME = AppIcon;
				ASSETCATALOG_COMPILER_GLOBAL_ACCENT_COLOR_NAME = AccentColor;
				CODE_SIGN_STYLE = Automatic;
				DEVELOPMENT_TEAM = 44QRRE8QXX;
				INFOPLIST_FILE = ArCal/Info.plist;
				LD_RUNPATH_SEARCH_PATHS = (
					"$(inherited)",
					"@executable_path/Frameworks",
				);
				PRODUCT_BUNDLE_IDENTIFIER = com.shez.ArCal;
				PRODUCT_NAME = "$(TARGET_NAME)";
				TARGETED_DEVICE_FAMILY = "1,2";
			};
			name = Debug;
		};
		6EE6C603256C1634004213CD /* Release */ = {
			isa = XCBuildConfiguration;
			buildSettings = {
				ASSETCATALOG_COMPILER_APPICON_NAME = AppIcon;
				ASSETCATALOG_COMPILER_GLOBAL_ACCENT_COLOR_NAME = AccentColor;
				CODE_SIGN_STYLE = Automatic;
				DEVELOPMENT_TEAM = 44QRRE8QXX;
				INFOPLIST_FILE = ArCal/Info.plist;
				LD_RUNPATH_SEARCH_PATHS = (
					"$(inherited)",
					"@executable_path/Frameworks",
				);
				PRODUCT_BUNDLE_IDENTIFIER = com.shez.ArCal;
				PRODUCT_NAME = "$(TARGET_NAME)";
				TARGETED_DEVICE_FAMILY = "1,2";
			};
			name = Release;
		};
/* End XCBuildConfiguration section */

/* Begin XCConfigurationList section */
		6EE6C5E3256C1630004213CD /* Build configuration list for PBXProject "ArCal" */ = {
			isa = XCConfigurationList;
			buildConfigurations = (
				6EE6C5FF256C1634004213CD /* Debug */,
				6EE6C600256C1634004213CD /* Release */,
			);
			defaultConfigurationIsVisible = 0;
			defaultConfigurationName = Release;
		};
		6EE6C601256C1634004213CD /* Build configuration list for PBXNativeTarget "ArCal" */ = {
			isa = XCConfigurationList;
			buildConfigurations = (
				6EE6C602256C1634004213CD /* Debug */,
				6EE6C603256C1634004213CD /* Release */,
			);
			defaultConfigurationIsVisible = 0;
			defaultConfigurationName = Release;
		};
/* End XCConfigurationList section */
	};
	rootObject = 6EE6C5E0256C1630004213CD /* Project object */;
}
